{
  "name": "Fat-finger",
  "version": "1.0.0",
  "lockfileVersion": 3,
  "requires": true,
  "packages": {
    "": {
      "name": "Fat-finger",
      "version": "1.0.0",
      "license": "ISC",
      "dependencies": {
        "longbridge": "4.0.0"
      }
    },
    "node_modules/longbridge": {
      "version": "4.0.0",
      "resolved": "https://registry.npmjs.org/longbridge/-/longbridge-4.0.0.tgz",
      "integrity": "sha512-eA4HZCBARMvOakK9LIWsFN516TaXt331qeFHGlu6TAaROnv/qSI0rvN3L2u4i65iqJYzGvqq5+czHO638RQgAg==",
      "engines": {
        "node": ">= 10"
      },
      "optionalDependencies": {
        "longbridge-darwin-arm64": "4.0.0",
        "longbridge-darwin-x64": "4.0.0",
        "longbridge-linux-arm64-gnu": "4.0.0",
        "longbridge-linux-x64-gnu": "4.0.0",
        "longbridge-linux-x64-musl": "4.0.0",
        "longbridge-win32-x64-msvc": "4.0.0"
      }
    },
    "node_modules/longbridge-darwin-arm64": {
      "version": "4.0.0",
      "resolved": "https://registry.npmjs.org/longbridge-darwin-arm64/-/longbridge-darwin-arm64-4.0.0.tgz",
      "integrity": "sha512-Owlf7uR/6GOgz6H3gXoDrCafc/SYhZulutm6klGsB+c/Rt4AAWEUk746xphq8InuB3YgLN5ufEnqcpGSiSTqOg==",
      "cpu": [
        "arm64"
      ],
      "optional": true,
      "os": [
        "darwin"
      ],
      "engines": {
        "node": ">= 10"
      }
    },
    "node_modules/longbridge-darwin-x64": {
      "version": "4.0.0",
      "resolved": "https://registry.npmjs.org/longbridge-darwin-x64/-/longbridge-darwin-x64-4.0.0.tgz",
      "integrity": "sha512-GMiH6mSBOClaBaRMiL9mOFtTkEt3JXE6QzPXIrUaFl85C+WZ4VffXyS8W3O6zadYlAP9mSxrMKlnbanS96oPtw==",
      "cpu": [
        "x64"
      ],
      "optional": true,
      "os": [
        "darwin"
      ],
      "engines": {
        "node": ">= 10"
      }
    },
    "node_modules/longbridge-linux-arm64-gnu": {
      "version": "4.0.0",
      "resolved": "https://registry.npmjs.org/longbridge-linux-arm64-gnu/-/longbridge-linux-arm64-gnu-4.0.0.tgz",
      "integrity": "sha512-NrX+5KFuNtXFniAxah1DvKaW4+l035q2G+LIvOYdpTF5wRrkTYVQF7zeFVv03qjegsBLSwpITKCYVV1hpLlO4Q==",
      "cpu": [
        "arm64"
      ],
      "optional": true,
      "os": [
        "linux"
      ],
      "engines": {
        "node": ">= 10"
      }
    },
    "node_modules/longbridge-linux-x64-gnu": {
      "version": "4.0.0",
      "resolved": "https://registry.npmjs.org/longbridge-linux-x64-gnu/-/longbridge-linux-x64-gnu-4.0.0.tgz",
      "integrity": "sha512-1PGRwLd3yHYwmo5G7DeCqtfmEeRIeuyNuFFzCrvkiG7IfPOedcjzBGJpGEQ+BdjY8oMZQ15+NGMdeIvbQjQqig==",
      "cpu": [
        "x64"
      ],
      "optional": true,
      "os": [
        "linux"
      ],
      "engines": {
        "node": ">= 10"
      }
    },
    "node_modules/longbridge-win32-x64-msvc": {
      "version": "4.0.0",
      "resolved": "https://registry.npmjs.org/longbridge-win32-x64-msvc/-/longbridge-win32-x64-msvc-4.0.0.tgz",
      "integrity": "sha512-RWkcdYeiy6ZnA3vRZrZOgjxQy19LXdcPQFEY1KFnoqn/CKKU+C5n7zvjsJwnzd6YDPwQIrx5FL8UuVPrwNsJuQ==",
      "cpu": [
        "x64"
      ],
      "optional": true,
      "os": [
        "win32"
      ],
      "engines": {
        "node": ">= 10"
      }
    }
  }
}
